
Microsoft Visual Studio Solution File, Format Version 12.00
# Visual Studio 2012
Project("{FAE04EC0-301F-11D3-BF4B-00C04F79EFBC}") = "Traffic-Light-Simulation", "Traffic-Light-Simulation\Traffic-Light-Simulation.csproj", "{1E09FA31-DF82-4EDE-BEA0-1D7BDB8C9886}"
EndProject
Global
	GlobalSection(SolutionConfigurationPlatforms) = preSolution
		Debug|Any CPU = Debug|Any CPU
		Release|Any CPU = Release|Any CPU
	EndGlobalSection
	GlobalSection(ProjectConfigurationPlatforms) = postSolution
		{1E09FA31-DF82-4EDE-BEA0-1D7BDB8C9886}.Debug|Any CPU.ActiveCfg = Debug|Any CPU
		{1E09FA31-DF82-4EDE-BEA0-1D7BDB8C9886}.Debug|Any CPU.Build.0 = Debug|Any CPU
		{1E09FA31-DF82-4EDE-BEA0-1D7BDB8C9886}.Release|Any CPU.ActiveCfg = Release|Any CPU
		{1E09FA31-DF82-4EDE-BEA0-1D7BDB8C9886}.Release|Any CPU.Build.0 = Release|Any CPU
	EndGlobalSection
	GlobalSection(SolutionProperties) = preSolution
		HideSolutionNode = FALSE
	EndGlobalSection
EndGlobal
