
Microsoft Visual Studio Solution File, Format Version 12.00
# Visual Studio 2012
Project("{FAE04EC0-301F-11D3-BF4B-00C04F79EFBC}") = "Traffic_Advisor", "Traffic_Advisor\Traffic_Advisor.csproj", "{5549A5B7-4F09-45F1-9BA6-EA70F190CABD}"
EndProject
Global
	GlobalSection(SolutionConfigurationPlatforms) = preSolution
		Debug|Any CPU = Debug|Any CPU
		Release|Any CPU = Release|Any CPU
	EndGlobalSection
	GlobalSection(ProjectConfigurationPlatforms) = postSolution
		{5549A5B7-4F09-45F1-9BA6-EA70F190CABD}.Debug|Any CPU.ActiveCfg = Debug|Any CPU
		{5549A5B7-4F09-45F1-9BA6-EA70F190CABD}.Debug|Any CPU.Build.0 = Debug|Any CPU
		{5549A5B7-4F09-45F1-9BA6-EA70F190CABD}.Release|Any CPU.ActiveCfg = Release|Any CPU
		{5549A5B7-4F09-45F1-9BA6-EA70F190CABD}.Release|Any CPU.Build.0 = Release|Any CPU
	EndGlobalSection
	GlobalSection(SolutionProperties) = preSolution
		HideSolutionNode = FALSE
	EndGlobalSection
EndGlobal
